{"1.1.0",
[{<<"brod">>,
  {git,"git://github.com/klarna/brod.git",
       {ref,"5ad17ddff096e2adbd6d83570690e1c28b574986"}},
  1},
 {<<"crc32cer">>,{pkg,<<"crc32cer">>,<<"0.1.3">>},3},
 {<<"enif_protobuf">>,
  {git,"git://github.com/jg513/enif_protobuf.git",
       {ref,"7358f4e6f3612496cc44a10111fcc0e56e96fe62"}},
  1},
 {<<"goldrush">>,{pkg,<<"goldrush">>,<<"0.1.9">>},1},
 {<<"gpb">>,
  {git,"https://github.com/tomas-abrahamsson/gpb.git",
       {ref,"e1f6fd172d66f7342f4554ab0d3028eb0154f43e"}},
  2},
 {<<"hamcrest">>,
  {git,"https://github.com/basho/hamcrest-erlang.git",
       {ref,"ad3dbab419762fc2d5821abb88b989da006b85c6"}},
  3},
 {<<"jsone">>,
  {git,"https://github.com/sile/jsone.git",
       {ref,"e273151504fbb1201f3a2d5effe350a4a27c3121"}},
  1},
 {<<"kafka_protocol">>,{pkg,<<"kafka_protocol">>,<<"2.2.2">>},2},
 {<<"lager">>,
  {git,"git://github.com/erlang-lager/lager.git",
       {ref,"944b78d4b4dd32168659d5459b728851f373e514"}},
  0},
 {<<"pooler">>,
  {git,"https://github.com/seth/pooler.git",
       {ref,"a9fb9dbbac45000f10d8edf4464bf8425b39bd77"}},
  1},
 {<<"quickrand">>,
  {git,"https://github.com/okeuday/quickrand.git",
       {ref,"6f3d611c04e1cd734e8287b358f0f458b4f88662"}},
  2},
 {<<"riak_pb">>,
  {git,"https://github.com/basho/riak_pb",
       {ref,"08771aba2ce4935b715d32d1b92555efdc3da994"}},
  2},
 {<<"riakc">>,
  {git,"https://github.com/basho/riak-erlang-client",
       {ref,"f3a0592cf2200fd37b46b5188cabd4cf7058d776"}},
  1},
 {<<"se_core">>,
  {git,"git@gitlab.com:Payments_Innova/se_core.git",
       {ref,"d9ca6848e10fba67dd476d7f1bff6db1799207aa"}},
  0},
 {<<"snappyer">>,{pkg,<<"snappyer">>,<<"1.2.4">>},3},
 {<<"supervisor3">>,{pkg,<<"supervisor3">>,<<"1.1.7">>},2},
 {<<"uuid">>,
  {git,"https://github.com/okeuday/uuid.git",
       {ref,"fd20692d4fd6b72db029208dbc0e1a41b35de641"}},
  1}]}.
[
{pkg_hash,[
 {<<"crc32cer">>, <<"8984906C4B4FAE6AA292C48F286A1C83B19AD44BD102287ACB94D696015967CE">>},
 {<<"goldrush">>, <<"F06E5D5F1277DA5C413E84D5A2924174182FB108DABB39D5EC548B27424CD106">>},
 {<<"kafka_protocol">>, <<"AD321B1D7E406B75D1383F0CAA12EA6D2731E1C62EFC9D481BB5793396B8ABC7">>},
 {<<"snappyer">>, <<"6D739C534CD2339633127A2B40279BE71F149E5842C5363A4D88E66EFB7C1FEC">>},
 {<<"supervisor3">>, <<"BA0602C908D3D90F898D814DAF36E04D75F1337735DC527D0441E3E4AB3E7D5A">>}]}
].
